{
  "version": 4,
  "terraform_version": "1.5.7",
  "serial": 7,
  "lineage": "8f2c1a44-0d5e-4b31-9d77-3a1c2e6b90ff",
  "outputs": {},
  "resources": [
    {
      "mode": "managed",
      "type": "aws_db_instance",
      "name": "payments_prod",
      "provider": "provider[\"registry.terraform.io/hashicorp/aws\"]",
      "instances": [
        {
          "schema_version": 2,
          "attributes": {
            "id": "payments-prod",
            "identifier": "payments-prod",
            "engine": "postgres",
            "instance_class": "db.r6g.2xlarge",
            "allocated_storage": 512,
            "storage_encrypted": true,
            "deletion_protection": false,
            "skip_final_snapshot": true,
            "multi_az": true,
            "backup_retention_period": 7
          }
        }
      ]
    }
  ],
  "check_results": null
}
